
Microsoft Visual Studio Solution File, Format Version 12.00
# Visual Studio 15
VisualStudioVersion = 15.0.27703.2026
MinimumVisualStudioVersion = 10.0.40219.1
Project("{FAE04EC0-301F-11D3-BF4B-00C04F79EFBC}") = "AppBanHang.Android", "AppBanHang\AppBanHang.Android\AppBanHang.Android.csproj", "{FF3F0C20-BA56-4870-9353-181152E68F04}"
EndProject
Project("{FAE04EC0-301F-11D3-BF4B-00C04F79EFBC}") = "AppBanHang.iOS", "AppBanHang\AppBanHang.iOS\AppBanHang.iOS.csproj", "{D0EB5889-D1D8-4323-8E03-3A8427B23CDF}"
EndProject
Project("{FAE04EC0-301F-11D3-BF4B-00C04F79EFBC}") = "AppBanHang", "AppBanHang\AppBanHang\AppBanHang.csproj", "{2576917B-4F96-44C9-9C19-74362A5EC4DD}"
EndProject
Global
	GlobalSection(SolutionConfigurationPlatforms) = preSolution
		Ad-Hoc|Any CPU = Ad-Hoc|Any CPU
		Ad-Hoc|iPhone = Ad-Hoc|iPhone
		Ad-Hoc|iPhoneSimulator = Ad-Hoc|iPhoneSimulator
		AppStore|Any CPU = AppStore|Any CPU
		AppStore|iPhone = AppStore|iPhone
		AppStore|iPhoneSimulator = AppStore|iPhoneSimulator
		Debug|Any CPU = Debug|Any CPU
		Debug|iPhone = Debug|iPhone
		Debug|iPhoneSimulator = Debug|iPhoneSimulator
		Release|Any CPU = Release|Any CPU
		Release|iPhone = Release|iPhone
		Release|iPhoneSimulator = Release|iPhoneSimulator
	EndGlobalSection
	GlobalSection(ProjectConfigurationPlatforms) = postSolution
		{FF3F0C20-BA56-4870-9353-181152E68F04}.Ad-Hoc|Any CPU.ActiveCfg = Release|Any CPU
		{FF3F0C20-BA56-4870-9353-181152E68F04}.Ad-Hoc|Any CPU.Build.0 = Release|Any CPU
		{FF3F0C20-BA56-4870-9353-181152E68F04}.Ad-Hoc|Any CPU.Deploy.0 = Release|Any CPU
		{FF3F0C20-BA56-4870-9353-181152E68F04}.Ad-Hoc|iPhone.ActiveCfg = Release|Any CPU
		{FF3F0C20-BA56-4870-9353-181152E68F04}.Ad-Hoc|iPhone.Build.0 = Release|Any CPU
		{FF3F0C20-BA56-4870-9353-181152E68F04}.Ad-Hoc|iPhone.Deploy.0 = Release|Any CPU
		{FF3F0C20-BA56-4870-9353-181152E68F04}.Ad-Hoc|iPhoneSimulator.ActiveCfg = Release|Any CPU
		{FF3F0C20-BA56-4870-9353-181152E68F04}.Ad-Hoc|iPhoneSimulator.Build.0 = Release|Any CPU
		{FF3F0C20-BA56-4870-9353-181152E68F04}.Ad-Hoc|iPhoneSimulator.Deploy.0 = Release|Any CPU
		{FF3F0C20-BA56-4870-9353-181152E68F04}.AppStore|Any CPU.ActiveCfg = Release|Any CPU
		{FF3F0C20-BA56-4870-9353-181152E68F04}.AppStore|Any CPU.Build.0 = Release|Any CPU
		{FF3F0C20-BA56-4870-9353-181152E68F04}.AppStore|Any CPU.Deploy.0 = Release|Any CPU
		{FF3F0C20-BA56-4870-9353-181152E68F04}.AppStore|iPhone.ActiveCfg = Release|Any CPU
		{FF3F0C20-BA56-4870-9353-181152E68F04}.AppStore|iPhone.Build.0 = Release|Any CPU
		{FF3F0C20-BA56-4870-9353-181152E68F04}.AppStore|iPhone.Deploy.0 = Release|Any CPU
		{FF3F0C20-BA56-4870-9353-181152E68F04}.AppStore|iPhoneSimulator.ActiveCfg = Release|Any CPU
		{FF3F0C20-BA56-4870-9353-181152E68F04}.AppStore|iPhoneSimulator.Build.0 = Release|Any CPU
		{FF3F0C20-BA56-4870-9353-181152E68F04}.AppStore|iPhoneSimulator.Deploy.0 = Release|Any CPU
		{FF3F0C20-BA56-4870-9353-181152E68F04}.Debug|Any CPU.ActiveCfg = Debug|Any CPU
		{FF3F0C20-BA56-4870-9353-181152E68F04}.Debug|Any CPU.Build.0 = Debug|Any CPU
		{FF3F0C20-BA56-4870-9353-181152E68F04}.Debug|Any CPU.Deploy.0 = Debug|Any CPU
		{FF3F0C20-BA56-4870-9353-181152E68F04}.Debug|iPhone.ActiveCfg = Debug|Any CPU
		{FF3F0C20-BA56-4870-9353-181152E68F04}.Debug|iPhone.Build.0 = Debug|Any CPU
		{FF3F0C20-BA56-4870-9353-181152E68F04}.Debug|iPhone.Deploy.0 = Debug|Any CPU
		{FF3F0C20-BA56-4870-9353-181152E68F04}.Debug|iPhoneSimulator.ActiveCfg = Debug|Any CPU
		{FF3F0C20-BA56-4870-9353-181152E68F04}.Debug|iPhoneSimulator.Build.0 = Debug|Any CPU
		{FF3F0C20-BA56-4870-9353-181152E68F04}.Debug|iPhoneSimulator.Deploy.0 = Debug|Any CPU
		{FF3F0C20-BA56-4870-9353-181152E68F04}.Release|Any CPU.ActiveCfg = Release|Any CPU
		{FF3F0C20-BA56-4870-9353-181152E68F04}.Release|Any CPU.Build.0 = Release|Any CPU
		{FF3F0C20-BA56-4870-9353-181152E68F04}.Release|Any CPU.Deploy.0 = Release|Any CPU
		{FF3F0C20-BA56-4870-9353-181152E68F04}.Release|iPhone.ActiveCfg = Release|Any CPU
		{FF3F0C20-BA56-4870-9353-181152E68F04}.Release|iPhone.Build.0 = Release|Any CPU
		{FF3F0C20-BA56-4870-9353-181152E68F04}.Release|iPhone.Deploy.0 = Release|Any CPU
		{FF3F0C20-BA56-4870-9353-181152E68F04}.Release|iPhoneSimulator.ActiveCfg = Release|Any CPU
		{FF3F0C20-BA56-4870-9353-181152E68F04}.Release|iPhoneSimulator.Build.0 = Release|Any CPU
		{FF3F0C20-BA56-4870-9353-181152E68F04}.Release|iPhoneSimulator.Deploy.0 = Release|Any CPU
		{D0EB5889-D1D8-4323-8E03-3A8427B23CDF}.Ad-Hoc|Any CPU.ActiveCfg = Ad-Hoc|iPhone
		{D0EB5889-D1D8-4323-8E03-3A8427B23CDF}.Ad-Hoc|Any CPU.Build.0 = Ad-Hoc|iPhone
		{D0EB5889-D1D8-4323-8E03-3A8427B23CDF}.Ad-Hoc|Any CPU.Deploy.0 = Ad-Hoc|iPhone
		{D0EB5889-D1D8-4323-8E03-3A8427B23CDF}.Ad-Hoc|iPhone.ActiveCfg = Ad-Hoc|iPhone
		{D0EB5889-D1D8-4323-8E03-3A8427B23CDF}.Ad-Hoc|iPhone.Build.0 = Ad-Hoc|iPhone
		{D0EB5889-D1D8-4323-8E03-3A8427B23CDF}.Ad-Hoc|iPhone.Deploy.0 = Ad-Hoc|iPhone
		{D0EB5889-D1D8-4323-8E03-3A8427B23CDF}.Ad-Hoc|iPhoneSimulator.ActiveCfg = Ad-Hoc|iPhoneSimulator
		{D0EB5889-D1D8-4323-8E03-3A8427B23CDF}.Ad-Hoc|iPhoneSimulator.Build.0 = Ad-Hoc|iPhoneSimulator
		{D0EB5889-D1D8-4323-8E03-3A8427B23CDF}.Ad-Hoc|iPhoneSimulator.Deploy.0 = Ad-Hoc|iPhoneSimulator
		{D0EB5889-D1D8-4323-8E03-3A8427B23CDF}.AppStore|Any CPU.ActiveCfg = AppStore|iPhone
		{D0EB5889-D1D8-4323-8E03-3A8427B23CDF}.AppStore|Any CPU.Build.0 = AppStore|iPhone
		{D0EB5889-D1D8-4323-8E03-3A8427B23CDF}.AppStore|Any CPU.Deploy.0 = AppStore|iPhone
		{D0EB5889-D1D8-4323-8E03-3A8427B23CDF}.AppStore|iPhone.ActiveCfg = AppStore|iPhone
		{D0EB5889-D1D8-4323-8E03-3A8427B23CDF}.AppStore|iPhone.Build.0 = AppStore|iPhone
		{D0EB5889-D1D8-4323-8E03-3A8427B23CDF}.AppStore|iPhone.Deploy.0 = AppStore|iPhone
		{D0EB5889-D1D8-4323-8E03-3A8427B23CDF}.AppStore|iPhoneSimulator.ActiveCfg = AppStore|iPhoneSimulator
		{D0EB5889-D1D8-4323-8E03-3A8427B23CDF}.AppStore|iPhoneSimulator.Build.0 = AppStore|iPhoneSimulator
		{D0EB5889-D1D8-4323-8E03-3A8427B23CDF}.AppStore|iPhoneSimulator.Deploy.0 = AppStore|iPhoneSimulator
		{D0EB5889-D1D8-4323-8E03-3A8427B23CDF}.Debug|Any CPU.ActiveCfg = Debug|iPhoneSimulator
		{D0EB5889-D1D8-4323-8E03-3A8427B23CDF}.Debug|Any CPU.Build.0 = Debug|iPhoneSimulator
		{D0EB5889-D1D8-4323-8E03-3A8427B23CDF}.Debug|Any CPU.Deploy.0 = Debug|iPhoneSimulator
		{D0EB5889-D1D8-4323-8E03-3A8427B23CDF}.Debug|iPhone.ActiveCfg = Debug|iPhone
		{D0EB5889-D1D8-4323-8E03-3A8427B23CDF}.Debug|iPhone.Build.0 = Debug|iPhone
		{D0EB5889-D1D8-4323-8E03-3A8427B23CDF}.Debug|iPhone.Deploy.0 = Debug|iPhone
		{D0EB5889-D1D8-4323-8E03-3A8427B23CDF}.Debug|iPhoneSimulator.ActiveCfg = Debug|iPhoneSimulator
		{D0EB5889-D1D8-4323-8E03-3A8427B23CDF}.Debug|iPhoneSimulator.Build.0 = Debug|iPhoneSimulator
		{D0EB5889-D1D8-4323-8E03-3A8427B23CDF}.Debug|iPhoneSimulator.Deploy.0 = Debug|iPhoneSimulator
		{D0EB5889-D1D8-4323-8E03-3A8427B23CDF}.Release|Any CPU.ActiveCfg = Release|iPhone
		{D0EB5889-D1D8-4323-8E03-3A8427B23CDF}.Release|Any CPU.Build.0 = Release|iPhone
		{D0EB5889-D1D8-4323-8E03-3A8427B23CDF}.Release|Any CPU.Deploy.0 = Release|iPhone
		{D0EB5889-D1D8-4323-8E03-3A8427B23CDF}.Release|iPhone.ActiveCfg = Release|iPhone
		{D0EB5889-D1D8-4323-8E03-3A8427B23CDF}.Release|iPhone.Build.0 = Release|iPhone
		{D0EB5889-D1D8-4323-8E03-3A8427B23CDF}.Release|iPhone.Deploy.0 = Release|iPhone
		{D0EB5889-D1D8-4323-8E03-3A8427B23CDF}.Release|iPhoneSimulator.ActiveCfg = Release|iPhoneSimulator
		{D0EB5889-D1D8-4323-8E03-3A8427B23CDF}.Release|iPhoneSimulator.Build.0 = Release|iPhoneSimulator
		{D0EB5889-D1D8-4323-8E03-3A8427B23CDF}.Release|iPhoneSimulator.Deploy.0 = Release|iPhoneSimulator
		{2576917B-4F96-44C9-9C19-74362A5EC4DD}.Ad-Hoc|Any CPU.ActiveCfg = Debug|Any CPU
		{2576917B-4F96-44C9-9C19-74362A5EC4DD}.Ad-Hoc|Any CPU.Build.0 = Debug|Any CPU
		{2576917B-4F96-44C9-9C19-74362A5EC4DD}.Ad-Hoc|Any CPU.Deploy.0 = Debug|Any CPU
		{2576917B-4F96-44C9-9C19-74362A5EC4DD}.Ad-Hoc|iPhone.ActiveCfg = Debug|Any CPU
		{2576917B-4F96-44C9-9C19-74362A5EC4DD}.Ad-Hoc|iPhone.Build.0 = Debug|Any CPU
		{2576917B-4F96-44C9-9C19-74362A5EC4DD}.Ad-Hoc|iPhone.Deploy.0 = Debug|Any CPU
		{2576917B-4F96-44C9-9C19-74362A5EC4DD}.Ad-Hoc|iPhoneSimulator.ActiveCfg = Debug|Any CPU
		{2576917B-4F96-44C9-9C19-74362A5EC4DD}.Ad-Hoc|iPhoneSimulator.Build.0 = Debug|Any CPU
		{2576917B-4F96-44C9-9C19-74362A5EC4DD}.Ad-Hoc|iPhoneSimulator.Deploy.0 = Debug|Any CPU
		{2576917B-4F96-44C9-9C19-74362A5EC4DD}.AppStore|Any CPU.ActiveCfg = Debug|Any CPU
		{2576917B-4F96-44C9-9C19-74362A5EC4DD}.AppStore|Any CPU.Build.0 = Debug|Any CPU
		{2576917B-4F96-44C9-9C19-74362A5EC4DD}.AppStore|Any CPU.Deploy.0 = Debug|Any CPU
		{2576917B-4F96-44C9-9C19-74362A5EC4DD}.AppStore|iPhone.ActiveCfg = Debug|Any CPU
		{2576917B-4F96-44C9-9C19-74362A5EC4DD}.AppStore|iPhone.Build.0 = Debug|Any CPU
		{2576917B-4F96-44C9-9C19-74362A5EC4DD}.AppStore|iPhone.Deploy.0 = Debug|Any CPU
		{2576917B-4F96-44C9-9C19-74362A5EC4DD}.AppStore|iPhoneSimulator.ActiveCfg = Debug|Any CPU
		{2576917B-4F96-44C9-9C19-74362A5EC4DD}.AppStore|iPhoneSimulator.Build.0 = Debug|Any CPU
		{2576917B-4F96-44C9-9C19-74362A5EC4DD}.AppStore|iPhoneSimulator.Deploy.0 = Debug|Any CPU
		{2576917B-4F96-44C9-9C19-74362A5EC4DD}.Debug|Any CPU.ActiveCfg = Debug|Any CPU
		{2576917B-4F96-44C9-9C19-74362A5EC4DD}.Debug|Any CPU.Build.0 = Debug|Any CPU
		{2576917B-4F96-44C9-9C19-74362A5EC4DD}.Debug|Any CPU.Deploy.0 = Debug|Any CPU
		{2576917B-4F96-44C9-9C19-74362A5EC4DD}.Debug|iPhone.ActiveCfg = Debug|Any CPU
		{2576917B-4F96-44C9-9C19-74362A5EC4DD}.Debug|iPhone.Build.0 = Debug|Any CPU
		{2576917B-4F96-44C9-9C19-74362A5EC4DD}.Debug|iPhone.Deploy.0 = Debug|Any CPU
		{2576917B-4F96-44C9-9C19-74362A5EC4DD}.Debug|iPhoneSimulator.ActiveCfg = Debug|Any CPU
		{2576917B-4F96-44C9-9C19-74362A5EC4DD}.Debug|iPhoneSimulator.Build.0 = Debug|Any CPU
		{2576917B-4F96-44C9-9C19-74362A5EC4DD}.Debug|iPhoneSimulator.Deploy.0 = Debug|Any CPU
		{2576917B-4F96-44C9-9C19-74362A5EC4DD}.Release|Any CPU.ActiveCfg = Release|Any CPU
		{2576917B-4F96-44C9-9C19-74362A5EC4DD}.Release|Any CPU.Build.0 = Release|Any CPU
		{2576917B-4F96-44C9-9C19-74362A5EC4DD}.Release|Any CPU.Deploy.0 = Release|Any CPU
		{2576917B-4F96-44C9-9C19-74362A5EC4DD}.Release|iPhone.ActiveCfg = Release|Any CPU
		{2576917B-4F96-44C9-9C19-74362A5EC4DD}.Release|iPhone.Build.0 = Release|Any CPU
		{2576917B-4F96-44C9-9C19-74362A5EC4DD}.Release|iPhone.Deploy.0 = Release|Any CPU
		{2576917B-4F96-44C9-9C19-74362A5EC4DD}.Release|iPhoneSimulator.ActiveCfg = Release|Any CPU
		{2576917B-4F96-44C9-9C19-74362A5EC4DD}.Release|iPhoneSimulator.Build.0 = Release|Any CPU
		{2576917B-4F96-44C9-9C19-74362A5EC4DD}.Release|iPhoneSimulator.Deploy.0 = Release|Any CPU
	EndGlobalSection
	GlobalSection(SolutionProperties) = preSolution
		HideSolutionNode = FALSE
	EndGlobalSection
	GlobalSection(ExtensibilityGlobals) = postSolution
		SolutionGuid = {DB1E174A-8991-480B-849F-0662D87FC1D4}
	EndGlobalSection
EndGlobal
